// !$*UTF8*$!
{
	archiveVersion = 1;
	classes = {
	};
	objectVersion = 46;
	objects = {

/* Begin PBXBuildFile section */
		0D34C6671839A24400F875B4 /* UIKit.framework in Frameworks */ = {isa = PBXBuildFile; fileRef = 0D34C6661839A24400F875B4 /* UIKit.framework */; };
		0D34C6691839A24400F875B4 /* Foundation.framework in Frameworks */ = {isa = PBXBuildFile; fileRef = 0D34C6681839A24400F875B4 /* Foundation.framework */; };
		0D34C66B1839A24400F875B4 /* CoreGraphics.framework in Frameworks */ = {isa = PBXBuildFile; fileRef = 0D34C66A1839A24400F875B4 /* CoreGraphics.framework */; };
		0D34C6711839A24400F875B4 /* InfoPlist.strings in Resources */ = {isa = PBXBuildFile; fileRef = 0D34C66F1839A24400F875B4 /* InfoPlist.strings */; };
		0D34C6731839A24400F875B4 /* main.m in Sources */ = {isa = PBXBuildFile; fileRef = 0D34C6721839A24400F875B4 /* main.m */; };
		0D34C6771839A24400F875B4 /* AppDelegate.m in Sources */ = {isa = PBXBuildFile; fileRef = 0D34C6761839A24400F875B4 /* AppDelegate.m */; };
		0D34C6791839A24400F875B4 /* Default.png in Resources */ = {isa = PBXBuildFile; fileRef = 0D34C6781839A24400F875B4 /* Default.png */; };
		0D34C67B1839A24400F875B4 /* Default@2x.png in Resources */ = {isa = PBXBuildFile; fileRef = 0D34C67A1839A24400F875B4 /* Default@2x.png */; };
		0D34C67D1839A24400F875B4 /* Default-568h@2x.png in Resources */ = {isa = PBXBuildFile; fileRef = 0D34C67C1839A24400F875B4 /* Default-568h@2x.png */; };
		0D34C6801839A24400F875B4 /* ViewController.m in Sources */ = {isa = PBXBuildFile; fileRef = 0D34C67F1839A24400F875B4 /* ViewController.m */; };
		0D34C6831839A24400F875B4 /* ViewController.xib in Resources */ = {isa = PBXBuildFile; fileRef = 0D34C6811839A24400F875B4 /* ViewController.xib */; };
/* End PBXBuildFile section */

/* Begin PBXFileReference section */
		0D34C6631839A24400F875B4 /* HelloOpenCV.app */ = {isa = PBXFileReference; explicitFileType = wrapper.application; includeInIndex = 0; path = HelloOpenCV.app; sourceTree = BUILT_PRODUCTS_DIR; };
		0D34C6661839A24400F875B4 /* UIKit.framework */ = {isa = PBXFileReference; lastKnownFileType = wrapper.framework; name = UIKit.framework; path = System/Library/Frameworks/UIKit.framework; sourceTree = SDKROOT; };
		0D34C6681839A24400F875B4 /* Foundation.framework */ = {isa = PBXFileReference; lastKnownFileType = wrapper.framework; name = Foundation.framework; path = System/Library/Frameworks/Foundation.framework; sourceTree = SDKROOT; };
		0D34C66A1839A24400F875B4 /* CoreGraphics.framework */ = {isa = PBXFileReference; lastKnownFileType = wrapper.framework; name = CoreGraphics.framework; path = System/Library/Frameworks/CoreGraphics.framework; sourceTree = SDKROOT; };
		0D34C66E1839A24400F875B4 /* HelloOpenCV-Info.plist */ = {isa = PBXFileReference; lastKnownFileType = text.plist.xml; path = "HelloOpenCV-Info.plist"; sourceTree = "<group>"; };
		0D34C6701839A24400F875B4 /* en */ = {isa = PBXFileReference; lastKnownFileType = text.plist.strings; name = en; path = en.lproj/InfoPlist.strings; sourceTree = "<group>"; };
		0D34C6721839A24400F875B4 /* main.m */ = {isa = PBXFileReference; lastKnownFileType = sourcecode.c.objc; path = main.m; sourceTree = "<group>"; };
		0D34C6741839A24400F875B4 /* HelloOpenCV-Prefix.pch */ = {isa = PBXFileReference; lastKnownFileType = sourcecode.c.h; path = "HelloOpenCV-Prefix.pch"; sourceTree = "<group>"; };
		0D34C6751839A24400F875B4 /* AppDelegate.h */ = {isa = PBXFileReference; lastKnownFileType = sourcecode.c.h; path = AppDelegate.h; sourceTree = "<group>"; };
		0D34C6761839A24400F875B4 /* AppDelegate.m */ = {isa = PBXFileReference; lastKnownFileType = sourcecode.c.objc; path = AppDelegate.m; sourceTree = "<group>"; };
		0D34C6781839A24400F875B4 /* Default.png */ = {isa = PBXFileReference; lastKnownFileType = image.png; path = Default.png; sourceTree = "<group>"; };
		0D34C67A1839A24400F875B4 /* Default@2x.png */ = {isa = PBXFileReference; lastKnownFileType = image.png; path = "Default@2x.png"; sourceTree = "<group>"; };
		0D34C67C1839A24400F875B4 /* Default-568h@2x.png */ = {isa = PBXFileReference; lastKnownFileType = image.png; path = "Default-568h@2x.png"; sourceTree = "<group>"; };
		0D34C67E1839A24400F875B4 /* ViewController.h */ = {isa = PBXFileReference; lastKnownFileType = sourcecode.c.h; path = ViewController.h; sourceTree = "<group>"; };
		0D34C67F1839A24400F875B4 /* ViewController.m */ = {isa = PBXFileReference; lastKnownFileType = sourcecode.c.objc; path = ViewController.m; sourceTree = "<group>"; };
		0D34C6821839A24400F875B4 /* en */ = {isa = PBXFileReference; lastKnownFileType = file.xib; name = en; path = en.lproj/ViewController.xib; sourceTree = "<group>"; };
/* End PBXFileReference section */

/* Begin PBXFrameworksBuildPhase section */
		0D34C6601839A24400F875B4 /* Frameworks */ = {
			isa = PBXFrameworksBuildPhase;
			buildActionMask = 2147483647;
			files = (
				0D34C6671839A24400F875B4 /* UIKit.framework in Frameworks */,
				0D34C6691839A24400F875B4 /* Foundation.framework in Frameworks */,
				0D34C66B1839A24400F875B4 /* CoreGraphics.framework in Frameworks */,
			);
			runOnlyForDeploymentPostprocessing = 0;
		};
/* End PBXFrameworksBuildPhase section */

/* Begin PBXGroup section */
		0D34C65A1839A24400F875B4 = {
			isa = PBXGroup;
			children = (
				0D34C66C1839A24400F875B4 /* HelloOpenCV */,
				0D34C6651839A24400F875B4 /* Frameworks */,
				0D34C6641839A24400F875B4 /* Products */,
			);
			sourceTree = "<group>";
		};
		0D34C6641839A24400F875B4 /* Products */ = {
			isa = PBXGroup;
			children = (
				0D34C6631839A24400F875B4 /* HelloOpenCV.app */,
			);
			name = Products;
			sourceTree = "<group>";
		};
		0D34C6651839A24400F875B4 /* Frameworks */ = {
			isa = PBXGroup;
			children = (
				0D34C6661839A24400F875B4 /* UIKit.framework */,
				0D34C6681839A24400F875B4 /* Foundation.framework */,
				0D34C66A1839A24400F875B4 /* CoreGraphics.framework */,
			);
			name = Frameworks;
			sourceTree = "<group>";
		};
		0D34C66C1839A24400F875B4 /* HelloOpenCV */ = {
			isa = PBXGroup;
			children = (
				0D34C6751839A24400F875B4 /* AppDelegate.h */,
				0D34C6761839A24400F875B4 /* AppDelegate.m */,
				0D34C67E1839A24400F875B4 /* ViewController.h */,
				0D34C67F1839A24400F875B4 /* ViewController.m */,
				0D34C6811839A24400F875B4 /* ViewController.xib */,
				0D34C66D1839A24400F875B4 /* Supporting Files */,
			);
			path = HelloOpenCV;
			sourceTree = "<group>";
		};
		0D34C66D1839A24400F875B4 /* Supporting Files */ = {
			isa = PBXGroup;
			children = (
				0D34C66E1839A24400F875B4 /* HelloOpenCV-Info.plist */,
				0D34C66F1839A24400F875B4 /* InfoPlist.strings */,
				0D34C6721839A24400F875B4 /* main.m */,
				0D34C6741839A24400F875B4 /* HelloOpenCV-Prefix.pch */,
				0D34C6781839A24400F875B4 /* Default.png */,
				0D34C67A1839A24400F875B4 /* Default@2x.png */,
				0D34C67C1839A24400F875B4 /* Default-568h@2x.png */,
			);
			name = "Supporting Files";
			sourceTree = "<group>";
		};
/* End PBXGroup section */

/* Begin PBXNativeTarget section */
		0D34C6621839A24400F875B4 /* HelloOpenCV */ = {
			isa = PBXNativeTarget;
			buildConfigurationList = 0D34C6861839A24400F875B4 /* Build configuration list for PBXNativeTarget "HelloOpenCV" */;
			buildPhases = (
				0D34C65F1839A24400F875B4 /* Sources */,
				0D34C6601839A24400F875B4 /* Frameworks */,
				0D34C6611839A24400F875B4 /* Resources */,
			);
			buildRules = (
			);
			dependencies = (
			);
			name = HelloOpenCV;
			productName = HelloOpenCV;
			productReference = 0D34C6631839A24400F875B4 /* HelloOpenCV.app */;
			productType = "com.apple.product-type.application";
		};
/* End PBXNativeTarget section */

/* Begin PBXProject section */
		0D34C65B1839A24400F875B4 /* Project object */ = {
			isa = PBXProject;
			attributes = {
				LastUpgradeCheck = 0460;
				ORGANIZATIONNAME = sithlqf;
			};
			buildConfigurationList = 0D34C65E1839A24400F875B4 /* Build configuration list for PBXProject "HelloOpenCV" */;
			compatibilityVersion = "Xcode 3.2";
			developmentRegion = English;
			hasScannedForEncodings = 0;
			knownRegions = (
				en,
			);
			mainGroup = 0D34C65A1839A24400F875B4;
			productRefGroup = 0D34C6641839A24400F875B4 /* Products */;
			projectDirPath = "";
			projectRoot = "";
			targets = (
				0D34C6621839A24400F875B4 /* HelloOpenCV */,
			);
		};
/* End PBXProject section */

/* Begin PBXResourcesBuildPhase section */
		0D34C6611839A24400F875B4 /* Resources */ = {
			isa = PBXResourcesBuildPhase;
			buildActionMask = 2147483647;
			files = (
				0D34C6711839A24400F875B4 /* InfoPlist.strings in Resources */,
				0D34C6791839A24400F875B4 /* Default.png in Resources */,
				0D34C67B1839A24400F875B4 /* Default@2x.png in Resources */,
				0D34C67D1839A24400F875B4 /* Default-568h@2x.png in Resources */,
				0D34C6831839A24400F875B4 /* ViewController.xib in Resources */,
			);
			runOnlyForDeploymentPostprocessing = 0;
		};
/* End PBXResourcesBuildPhase section */

/* Begin PBXSourcesBuildPhase section */
		0D34C65F1839A24400F875B4 /* Sources */ = {
			isa = PBXSourcesBuildPhase;
			buildActionMask = 2147483647;
			files = (
				0D34C6731839A24400F875B4 /* main.m in Sources */,
				0D34C6771839A24400F875B4 /* AppDelegate.m in Sources */,
				0D34C6801839A24400F875B4 /* ViewController.m in Sources */,
			);
			runOnlyForDeploymentPostprocessing = 0;
		};
/* End PBXSourcesBuildPhase section */

/* Begin PBXVariantGroup section */
		0D34C66F1839A24400F875B4 /* InfoPlist.strings */ = {
			isa = PBXVariantGroup;
			children = (
				0D34C6701839A24400F875B4 /* en */,
			);
			name = InfoPlist.strings;
			sourceTree = "<group>";
		};
		0D34C6811839A24400F875B4 /* ViewController.xib */ = {
			isa = PBXVariantGroup;
			children = (
				0D34C6821839A24400F875B4 /* en */,
			);
			name = ViewController.xib;
			sourceTree = "<group>";
		};
/* End PBXVariantGroup section */

/* Begin XCBuildConfiguration section */
		0D34C6841839A24400F875B4 /* Debug */ = {
			isa = XCBuildConfiguration;
			buildSettings = {
				ALWAYS_SEARCH_USER_PATHS = NO;
				CLANG_CXX_LANGUAGE_STANDARD = "gnu++0x";
				CLANG_CXX_LIBRARY = "libc++";
				CLANG_ENABLE_OBJC_ARC = YES;
				CLANG_WARN_CONSTANT_CONVERSION = YES;
				CLANG_WARN_EMPTY_BODY = YES;
				CLANG_WARN_ENUM_CONVERSION = YES;
				CLANG_WARN_INT_CONVERSION = YES;
				CLANG_WARN__DUPLICATE_METHOD_MATCH = YES;
				"CODE_SIGN_IDENTITY[sdk=iphoneos*]" = "iPhone Developer";
				COPY_PHASE_STRIP = NO;
				GCC_C_LANGUAGE_STANDARD = gnu99;
				GCC_DYNAMIC_NO_PIC = NO;
				GCC_OPTIMIZATION_LEVEL = 0;
				GCC_PREPROCESSOR_DEFINITIONS = (
					"DEBUG=1",
					"$(inherited)",
				);
				GCC_SYMBOLS_PRIVATE_EXTERN = NO;
				GCC_WARN_ABOUT_RETURN_TYPE = YES;
				GCC_WARN_UNINITIALIZED_AUTOS = YES;
				GCC_WARN_UNUSED_VARIABLE = YES;
				IPHONEOS_DEPLOYMENT_TARGET = 6.1;
				ONLY_ACTIVE_ARCH = YES;
				SDKROOT = iphoneos;
			};
			name = Debug;
		};
		0D34C6851839A24400F875B4 /* Release */ = {
			isa = XCBuildConfiguration;
			buildSettings = {
				ALWAYS_SEARCH_USER_PATHS = NO;
				CLANG_CXX_LANGUAGE_STANDARD = "gnu++0x";
				CLANG_CXX_LIBRARY = "libc++";
				CLANG_ENABLE_OBJC_ARC = YES;
				CLANG_WARN_CONSTANT_CONVERSION = YES;
				CLANG_WARN_EMPTY_BODY = YES;
				CLANG_WARN_ENUM_CONVERSION = YES;
				CLANG_WARN_INT_CONVERSION = YES;
				CLANG_WARN__DUPLICATE_METHOD_MATCH = YES;
				"CODE_SIGN_IDENTITY[sdk=iphoneos*]" = "iPhone Developer";
				COPY_PHASE_STRIP = YES;
				GCC_C_LANGUAGE_STANDARD = gnu99;
				GCC_WARN_ABOUT_RETURN_TYPE = YES;
				GCC_WARN_UNINITIALIZED_AUTOS = YES;
				GCC_WARN_UNUSED_VARIABLE = YES;
				IPHONEOS_DEPLOYMENT_TARGET = 6.1;
				OTHER_CFLAGS = "-DNS_BLOCK_ASSERTIONS=1";
				SDKROOT = iphoneos;
				VALIDATE_PRODUCT = YES;
			};
			name = Release;
		};
		0D34C6871839A24400F875B4 /* Debug */ = {
			isa = XCBuildConfiguration;
			buildSettings = {
				GCC_PRECOMPILE_PREFIX_HEADER = YES;
				GCC_PREFIX_HEADER = "HelloOpenCV/HelloOpenCV-Prefix.pch";
				INFOPLIST_FILE = "HelloOpenCV/HelloOpenCV-Info.plist";
				PRODUCT_NAME = "$(TARGET_NAME)";
				WRAPPER_EXTENSION = app;
			};
			name = Debug;
		};
		0D34C6881839A24400F875B4 /* Release */ = {
			isa = XCBuildConfiguration;
			buildSettings = {
				GCC_PRECOMPILE_PREFIX_HEADER = YES;
				GCC_PREFIX_HEADER = "HelloOpenCV/HelloOpenCV-Prefix.pch";
				INFOPLIST_FILE = "HelloOpenCV/HelloOpenCV-Info.plist";
				PRODUCT_NAME = "$(TARGET_NAME)";
				WRAPPER_EXTENSION = app;
			};
			name = Release;
		};
/* End XCBuildConfiguration section */

/* Begin XCConfigurationList section */
		0D34C65E1839A24400F875B4 /* Build configuration list for PBXProject "HelloOpenCV" */ = {
			isa = XCConfigurationList;
			buildConfigurations = (
				0D34C6841839A24400F875B4 /* Debug */,
				0D34C6851839A24400F875B4 /* Release */,
			);
			defaultConfigurationIsVisible = 0;
			defaultConfigurationName = Release;
		};
		0D34C6861839A24400F875B4 /* Build configuration list for PBXNativeTarget "HelloOpenCV" */ = {
			isa = XCConfigurationList;
			buildConfigurations = (
				0D34C6871839A24400F875B4 /* Debug */,
				0D34C6881839A24400F875B4 /* Release */,
			);
			defaultConfigurationIsVisible = 0;
		};
/* End XCConfigurationList section */
	};
	rootObject = 0D34C65B1839A24400F875B4 /* Project object */;
}
